
Microsoft Visual Studio Solution File, Format Version 12.00
# Visual Studio Version 17
VisualStudioVersion = 17.5.33627.172
MinimumVisualStudioVersion = 10.0.40219.1
Project("{FAE04EC0-301F-11D3-BF4B-00C04F79EFBC}") = "DEMO1", "DEMO1\DEMO1.csproj", "{7F2486FC-5AF4-45E8-8BFC-E60B675D1229}"
EndProject
Global
	GlobalSection(SolutionConfigurationPlatforms) = preSolution
		Debug|Any CPU = Debug|Any CPU
		Release|Any CPU = Release|Any CPU
	EndGlobalSection
	GlobalSection(ProjectConfigurationPlatforms) = postSolution
		{7F2486FC-5AF4-45E8-8BFC-E60B675D1229}.Debug|Any CPU.ActiveCfg = Debug|Any CPU
		{7F2486FC-5AF4-45E8-8BFC-E60B675D1229}.Debug|Any CPU.Build.0 = Debug|Any CPU
		{7F2486FC-5AF4-45E8-8BFC-E60B675D1229}.Release|Any CPU.ActiveCfg = Release|Any CPU
		{7F2486FC-5AF4-45E8-8BFC-E60B675D1229}.Release|Any CPU.Build.0 = Release|Any CPU
	EndGlobalSection
	GlobalSection(SolutionProperties) = preSolution
		HideSolutionNode = FALSE
	EndGlobalSection
	GlobalSection(ExtensibilityGlobals) = postSolution
		SolutionGuid = {BAB5D28E-E7B6-4419-BA31-BCB187DB40EF}
	EndGlobalSection
EndGlobal
